
Microsoft Visual Studio Solution File, Format Version 12.00
# Visual Studio Version 17
VisualStudioVersion = 17.0.31903.59
MinimumVisualStudioVersion = 10.0.40219.1
Project("{2150E333-8FDC-42A3-9474-1A3956D46DE8}") = "src", "src", "{827E0CD3-B72D-47B6-A68D-7590B98EB39B}"
EndProject
Project("{FAE04EC0-301F-11D3-BF4B-00C04F79EFBC}") = "ToplandERP.Domain", "src\ToplandERP.Domain\ToplandERP.Domain.csproj", "{65FE4E7E-417B-417B-AC13-F40FCF361517}"
EndProject
Project("{FAE04EC0-301F-11D3-BF4B-00C04F79EFBC}") = "ToplandERP.Application", "src\ToplandERP.Application\ToplandERP.Application.csproj", "{5E9A8B3D-F6DB-41E1-93FC-011E3C5E28C2}"
EndProject
Project("{FAE04EC0-301F-11D3-BF4B-00C04F79EFBC}") = "ToplandERP.Infrastructure", "src\ToplandERP.Infrastructure\ToplandERP.Infrastructure.csproj", "{7EEC2C98-9ACA-4C84-83D1-47224A0644BA}"
EndProject
Project("{FAE04EC0-301F-11D3-BF4B-00C04F79EFBC}") = "ToplandERP.Web", "src\ToplandERP.Web\ToplandERP.Web.csproj", "{A05C1CEB-4160-425F-9636-06918F24E93F}"
EndProject
Project("{FAE04EC0-301F-11D3-BF4B-00C04F79EFBC}") = "ToplandERP.UnitTests", "tests\ToplandERP.UnitTests\ToplandERP.UnitTests.csproj", "{61692BAC-F524-4844-A6A1-DAE2C0C4DC7D}"
EndProject
Project("{FAE04EC0-301F-11D3-BF4B-00C04F79EFBC}") = "ToplandERP.IntegrationTests", "tests\ToplandERP.IntegrationTests\ToplandERP.IntegrationTests.csproj", "{A689647C-838B-4CDE-8272-9265DCD23E2A}"
EndProject
Global
	GlobalSection(SolutionConfigurationPlatforms) = preSolution
		Debug|Any CPU = Debug|Any CPU
		Debug|x64 = Debug|x64
		Debug|x86 = Debug|x86
		Release|Any CPU = Release|Any CPU
		Release|x64 = Release|x64
		Release|x86 = Release|x86
	EndGlobalSection
	GlobalSection(ProjectConfigurationPlatforms) = postSolution
		{65FE4E7E-417B-417B-AC13-F40FCF361517}.Debug|Any CPU.ActiveCfg = Debug|Any CPU
		{65FE4E7E-417B-417B-AC13-F40FCF361517}.Debug|Any CPU.Build.0 = Debug|Any CPU
		{65FE4E7E-417B-417B-AC13-F40FCF361517}.Debug|x64.ActiveCfg = Debug|Any CPU
		{65FE4E7E-417B-417B-AC13-F40FCF361517}.Debug|x64.Build.0 = Debug|Any CPU
		{65FE4E7E-417B-417B-AC13-F40FCF361517}.Debug|x86.ActiveCfg = Debug|Any CPU
		{65FE4E7E-417B-417B-AC13-F40FCF361517}.Debug|x86.Build.0 = Debug|Any CPU
		{65FE4E7E-417B-417B-AC13-F40FCF361517}.Release|Any CPU.ActiveCfg = Release|Any CPU
		{65FE4E7E-417B-417B-AC13-F40FCF361517}.Release|Any CPU.Build.0 = Release|Any CPU
		{65FE4E7E-417B-417B-AC13-F40FCF361517}.Release|x64.ActiveCfg = Release|Any CPU
		{65FE4E7E-417B-417B-AC13-F40FCF361517}.Release|x64.Build.0 = Release|Any CPU
		{65FE4E7E-417B-417B-AC13-F40FCF361517}.Release|x86.ActiveCfg = Release|Any CPU
		{65FE4E7E-417B-417B-AC13-F40FCF361517}.Release|x86.Build.0 = Release|Any CPU
		{5E9A8B3D-F6DB-41E1-93FC-011E3C5E28C2}.Debug|Any CPU.ActiveCfg = Debug|Any CPU
		{5E9A8B3D-F6DB-41E1-93FC-011E3C5E28C2}.Debug|Any CPU.Build.0 = Debug|Any CPU
		{5E9A8B3D-F6DB-41E1-93FC-011E3C5E28C2}.Debug|x64.ActiveCfg = Debug|Any CPU
		{5E9A8B3D-F6DB-41E1-93FC-011E3C5E28C2}.Debug|x64.Build.0 = Debug|Any CPU
		{5E9A8B3D-F6DB-41E1-93FC-011E3C5E28C2}.Debug|x86.ActiveCfg = Debug|Any CPU
		{5E9A8B3D-F6DB-41E1-93FC-011E3C5E28C2}.Debug|x86.Build.0 = Debug|Any CPU
		{5E9A8B3D-F6DB-41E1-93FC-011E3C5E28C2}.Release|Any CPU.ActiveCfg = Release|Any CPU
		{5E9A8B3D-F6DB-41E1-93FC-011E3C5E28C2}.Release|Any CPU.Build.0 = Release|Any CPU
		{5E9A8B3D-F6DB-41E1-93FC-011E3C5E28C2}.Release|x64.ActiveCfg = Release|Any CPU
		{5E9A8B3D-F6DB-41E1-93FC-011E3C5E28C2}.Release|x64.Build.0 = Release|Any CPU
		{5E9A8B3D-F6DB-41E1-93FC-011E3C5E28C2}.Release|x86.ActiveCfg = Release|Any CPU
		{5E9A8B3D-F6DB-41E1-93FC-011E3C5E28C2}.Release|x86.Build.0 = Release|Any CPU
		{7EEC2C98-9ACA-4C84-83D1-47224A0644BA}.Debug|Any CPU.ActiveCfg = Debug|Any CPU
		{7EEC2C98-9ACA-4C84-83D1-47224A0644BA}.Debug|Any CPU.Build.0 = Debug|Any CPU
		{7EEC2C98-9ACA-4C84-83D1-47224A0644BA}.Debug|x64.ActiveCfg = Debug|Any CPU
		{7EEC2C98-9ACA-4C84-83D1-47224A0644BA}.Debug|x64.Build.0 = Debug|Any CPU
		{7EEC2C98-9ACA-4C84-83D1-47224A0644BA}.Debug|x86.ActiveCfg = Debug|Any CPU
		{7EEC2C98-9ACA-4C84-83D1-47224A0644BA}.Debug|x86.Build.0 = Debug|Any CPU
		{7EEC2C98-9ACA-4C84-83D1-47224A0644BA}.Release|Any CPU.ActiveCfg = Release|Any CPU
		{7EEC2C98-9ACA-4C84-83D1-47224A0644BA}.Release|Any CPU.Build.0 = Release|Any CPU
		{7EEC2C98-9ACA-4C84-83D1-47224A0644BA}.Release|x64.ActiveCfg = Release|Any CPU
		{7EEC2C98-9ACA-4C84-83D1-47224A0644BA}.Release|x64.Build.0 = Release|Any CPU
		{7EEC2C98-9ACA-4C84-83D1-47224A0644BA}.Release|x86.ActiveCfg = Release|Any CPU
		{7EEC2C98-9ACA-4C84-83D1-47224A0644BA}.Release|x86.Build.0 = Release|Any CPU
		{A05C1CEB-4160-425F-9636-06918F24E93F}.Debug|Any CPU.ActiveCfg = Debug|Any CPU
		{A05C1CEB-4160-425F-9636-06918F24E93F}.Debug|Any CPU.Build.0 = Debug|Any CPU
		{A05C1CEB-4160-425F-9636-06918F24E93F}.Debug|x64.ActiveCfg = Debug|Any CPU
		{A05C1CEB-4160-425F-9636-06918F24E93F}.Debug|x64.Build.0 = Debug|Any CPU
		{A05C1CEB-4160-425F-9636-06918F24E93F}.Debug|x86.ActiveCfg = Debug|Any CPU
		{A05C1CEB-4160-425F-9636-06918F24E93F}.Debug|x86.Build.0 = Debug|Any CPU
		{A05C1CEB-4160-425F-9636-06918F24E93F}.Release|Any CPU.ActiveCfg = Release|Any CPU
		{A05C1CEB-4160-425F-9636-06918F24E93F}.Release|Any CPU.Build.0 = Release|Any CPU
		{A05C1CEB-4160-425F-9636-06918F24E93F}.Release|x64.ActiveCfg = Release|Any CPU
		{A05C1CEB-4160-425F-9636-06918F24E93F}.Release|x64.Build.0 = Release|Any CPU
		{A05C1CEB-4160-425F-9636-06918F24E93F}.Release|x86.ActiveCfg = Release|Any CPU
		{A05C1CEB-4160-425F-9636-06918F24E93F}.Release|x86.Build.0 = Release|Any CPU
		{61692BAC-F524-4844-A6A1-DAE2C0C4DC7D}.Debug|Any CPU.ActiveCfg = Debug|Any CPU
		{61692BAC-F524-4844-A6A1-DAE2C0C4DC7D}.Debug|Any CPU.Build.0 = Debug|Any CPU
		{61692BAC-F524-4844-A6A1-DAE2C0C4DC7D}.Debug|x64.ActiveCfg = Debug|Any CPU
		{61692BAC-F524-4844-A6A1-DAE2C0C4DC7D}.Debug|x64.Build.0 = Debug|Any CPU
		{61692BAC-F524-4844-A6A1-DAE2C0C4DC7D}.Debug|x86.ActiveCfg = Debug|Any CPU
		{61692BAC-F524-4844-A6A1-DAE2C0C4DC7D}.Debug|x86.Build.0 = Debug|Any CPU
		{61692BAC-F524-4844-A6A1-DAE2C0C4DC7D}.Release|Any CPU.ActiveCfg = Release|Any CPU
		{61692BAC-F524-4844-A6A1-DAE2C0C4DC7D}.Release|Any CPU.Build.0 = Release|Any CPU
		{61692BAC-F524-4844-A6A1-DAE2C0C4DC7D}.Release|x64.ActiveCfg = Release|Any CPU
		{61692BAC-F524-4844-A6A1-DAE2C0C4DC7D}.Release|x64.Build.0 = Release|Any CPU
		{61692BAC-F524-4844-A6A1-DAE2C0C4DC7D}.Release|x86.ActiveCfg = Release|Any CPU
		{61692BAC-F524-4844-A6A1-DAE2C0C4DC7D}.Release|x86.Build.0 = Release|Any CPU
		{A689647C-838B-4CDE-8272-9265DCD23E2A}.Debug|Any CPU.ActiveCfg = Debug|Any CPU
		{A689647C-838B-4CDE-8272-9265DCD23E2A}.Debug|Any CPU.Build.0 = Debug|Any CPU
		{A689647C-838B-4CDE-8272-9265DCD23E2A}.Debug|x64.ActiveCfg = Debug|Any CPU
		{A689647C-838B-4CDE-8272-9265DCD23E2A}.Debug|x64.Build.0 = Debug|Any CPU
		{A689647C-838B-4CDE-8272-9265DCD23E2A}.Debug|x86.ActiveCfg = Debug|Any CPU
		{A689647C-838B-4CDE-8272-9265DCD23E2A}.Debug|x86.Build.0 = Debug|Any CPU
		{A689647C-838B-4CDE-8272-9265DCD23E2A}.Release|Any CPU.ActiveCfg = Release|Any CPU
		{A689647C-838B-4CDE-8272-9265DCD23E2A}.Release|Any CPU.Build.0 = Release|Any CPU
		{A689647C-838B-4CDE-8272-9265DCD23E2A}.Release|x64.ActiveCfg = Release|Any CPU
		{A689647C-838B-4CDE-8272-9265DCD23E2A}.Release|x64.Build.0 = Release|Any CPU
		{A689647C-838B-4CDE-8272-9265DCD23E2A}.Release|x86.ActiveCfg = Release|Any CPU
		{A689647C-838B-4CDE-8272-9265DCD23E2A}.Release|x86.Build.0 = Release|Any CPU
	EndGlobalSection
	GlobalSection(SolutionProperties) = preSolution
		HideSolutionNode = FALSE
	EndGlobalSection
	GlobalSection(NestedProjects) = preSolution
		{65FE4E7E-417B-417B-AC13-F40FCF361517} = {827E0CD3-B72D-47B6-A68D-7590B98EB39B}
		{5E9A8B3D-F6DB-41E1-93FC-011E3C5E28C2} = {827E0CD3-B72D-47B6-A68D-7590B98EB39B}
		{7EEC2C98-9ACA-4C84-83D1-47224A0644BA} = {827E0CD3-B72D-47B6-A68D-7590B98EB39B}
		{A05C1CEB-4160-425F-9636-06918F24E93F} = {827E0CD3-B72D-47B6-A68D-7590B98EB39B}
		{61692BAC-F524-4844-A6A1-DAE2C0C4DC7D} = {827E0CD3-B72D-47B6-A68D-7590B98EB39B}
		{A689647C-838B-4CDE-8272-9265DCD23E2A} = {827E0CD3-B72D-47B6-A68D-7590B98EB39B}
	EndGlobalSection
EndGlobal
